
Microsoft Visual Studio Solution File, Format Version 12.00
# Visual Studio Version 17
VisualStudioVersion = 17.14.37216.2 d17.14
MinimumVisualStudioVersion = 10.0.40219.1
Project("{FAE04EC0-301F-11D3-BF4B-00C04F79EFBC}") = "02", "02.csproj", "{880B3B2C-6727-4CF0-99AA-65A0A65450B8}"
EndProject
Global
	GlobalSection(SolutionConfigurationPlatforms) = preSolution
		Debug|Any CPU = Debug|Any CPU
		Release|Any CPU = Release|Any CPU
	EndGlobalSection
	GlobalSection(ProjectConfigurationPlatforms) = postSolution
		{880B3B2C-6727-4CF0-99AA-65A0A65450B8}.Debug|Any CPU.ActiveCfg = Debug|Any CPU
		{880B3B2C-6727-4CF0-99AA-65A0A65450B8}.Debug|Any CPU.Build.0 = Debug|Any CPU
		{880B3B2C-6727-4CF0-99AA-65A0A65450B8}.Release|Any CPU.ActiveCfg = Release|Any CPU
		{880B3B2C-6727-4CF0-99AA-65A0A65450B8}.Release|Any CPU.Build.0 = Release|Any CPU
	EndGlobalSection
	GlobalSection(SolutionProperties) = preSolution
		HideSolutionNode = FALSE
	EndGlobalSection
	GlobalSection(ExtensibilityGlobals) = postSolution
		SolutionGuid = {AC17F67A-A4E5-4147-BF29-10CA3A591850}
	EndGlobalSection
EndGlobal
